// !$*UTF8*$!
{
	archiveVersion = 1;
	classes = {
	};
	objectVersion = 55;
	objects = {

/* Begin PBXBuildFile section */
		5932B2B82845E73B0070AEBD /* AppDelegate.swift in Sources */ = {isa = PBXBuildFile; fileRef = 5932B2B72845E73B0070AEBD /* AppDelegate.swift */; };
		5932B2BA2845E73B0070AEBD /* SceneDelegate.swift in Sources */ = {isa = PBXBuildFile; fileRef = 5932B2B92845E73B0070AEBD /* SceneDelegate.swift */; };
		5932B2BC2845E73B0070AEBD /* MainViewController.swift in Sources */ = {isa = PBXBuildFile; fileRef = 5932B2BB2845E73B0070AEBD /* MainViewController.swift */; };
		5932B2C12845E73C0070AEBD /* Assets.xcassets in Resources */ = {isa = PBXBuildFile; fileRef = 5932B2C02845E73C0070AEBD /* Assets.xcassets */; };
		5932B2C42845E73C0070AEBD /* LaunchScreen.storyboard in Resources */ = {isa = PBXBuildFile; fileRef = 5932B2C22845E73C0070AEBD /* LaunchScreen.storyboard */; };
		5932B2CD2845E93C0070AEBD /* TableViewCell.swift in Sources */ = {isa = PBXBuildFile; fileRef = 5932B2CC2845E93C0070AEBD /* TableViewCell.swift */; };
		5932B2CF2845E9B40070AEBD /* Contact.swift in Sources */ = {isa = PBXBuildFile; fileRef = 5932B2CE2845E9B40070AEBD /* Contact.swift */; };
		5932B2D32845F6D50070AEBD /* ContactNavController.swift in Sources */ = {isa = PBXBuildFile; fileRef = 5932B2D22845F6D50070AEBD /* ContactNavController.swift */; };
		5932B2D5284602640070AEBD /* AddViewController.swift in Sources */ = {isa = PBXBuildFile; fileRef = 5932B2D4284602640070AEBD /* AddViewController.swift */; };
		5932B2F72846107A0070AEBD /* TableViewBackground.swift in Sources */ = {isa = PBXBuildFile; fileRef = 5932B2F62846107A0070AEBD /* TableViewBackground.swift */; };
		5998E4B8284622BA008B2944 /* DetailViewController.swift in Sources */ = {isa = PBXBuildFile; fileRef = 5998E4B7284622BA008B2944 /* DetailViewController.swift */; };
/* End PBXBuildFile section */

/* Begin PBXFileReference section */
		5932B2B42845E73B0070AEBD /* ContactsApp.app */ = {isa = PBXFileReference; explicitFileType = wrapper.application; includeInIndex = 0; path = ContactsApp.app; sourceTree = BUILT_PRODUCTS_DIR; };
		5932B2B72845E73B0070AEBD /* AppDelegate.swift */ = {isa = PBXFileReference; lastKnownFileType = sourcecode.swift; path = AppDelegate.swift; sourceTree = "<group>"; };
		5932B2B92845E73B0070AEBD /* SceneDelegate.swift */ = {isa = PBXFileReference; lastKnownFileType = sourcecode.swift; path = SceneDelegate.swift; sourceTree = "<group>"; };
		5932B2BB2845E73B0070AEBD /* MainViewController.swift */ = {isa = PBXFileReference; lastKnownFileType = sourcecode.swift; path = MainViewController.swift; sourceTree = "<group>"; };
		5932B2C02845E73C0070AEBD /* Assets.xcassets */ = {isa = PBXFileReference; lastKnownFileType = folder.assetcatalog; path = Assets.xcassets; sourceTree = "<group>"; };
		5932B2C32845E73C0070AEBD /* Base */ = {isa = PBXFileReference; lastKnownFileType = file.storyboard; name = Base; path = Base.lproj/LaunchScreen.storyboard; sourceTree = "<group>"; };
		5932B2C52845E73C0070AEBD /* Info.plist */ = {isa = PBXFileReference; lastKnownFileType = text.plist.xml; path = Info.plist; sourceTree = "<group>"; };
		5932B2CC2845E93C0070AEBD /* TableViewCell.swift */ = {isa = PBXFileReference; lastKnownFileType = sourcecode.swift; path = TableViewCell.swift; sourceTree = "<group>"; };
		5932B2CE2845E9B40070AEBD /* Contact.swift */ = {isa = PBXFileReference; lastKnownFileType = sourcecode.swift; path = Contact.swift; sourceTree = "<group>"; };
		5932B2D22845F6D50070AEBD /* ContactNavController.swift */ = {isa = PBXFileReference; lastKnownFileType = sourcecode.swift; path = ContactNavController.swift; sourceTree = "<group>"; };
		5932B2D4284602640070AEBD /* AddViewController.swift */ = {isa = PBXFileReference; lastKnownFileType = sourcecode.swift; path = AddViewController.swift; sourceTree = "<group>"; };
		5932B2F62846107A0070AEBD /* TableViewBackground.swift */ = {isa = PBXFileReference; lastKnownFileType = sourcecode.swift; path = TableViewBackground.swift; sourceTree = "<group>"; };
		5998E4B7284622BA008B2944 /* DetailViewController.swift */ = {isa = PBXFileReference; lastKnownFileType = sourcecode.swift; path = DetailViewController.swift; sourceTree = "<group>"; };
/* End PBXFileReference section */

/* Begin PBXFrameworksBuildPhase section */
		5932B2B12845E73B0070AEBD /* Frameworks */ = {
			isa = PBXFrameworksBuildPhase;
			buildActionMask = 2147483647;
			files = (
			);
			runOnlyForDeploymentPostprocessing = 0;
		};
/* End PBXFrameworksBuildPhase section */

/* Begin PBXGroup section */
		5932B2AB2845E73B0070AEBD = {
			isa = PBXGroup;
			children = (
				5932B2B62845E73B0070AEBD /* ContactsApp */,
				5932B2B52845E73B0070AEBD /* Products */,
			);
			sourceTree = "<group>";
		};
		5932B2B52845E73B0070AEBD /* Products */ = {
			isa = PBXGroup;
			children = (
				5932B2B42845E73B0070AEBD /* ContactsApp.app */,
			);
			name = Products;
			sourceTree = "<group>";
		};
		5932B2B62845E73B0070AEBD /* ContactsApp */ = {
			isa = PBXGroup;
			children = (
				5932B2B72845E73B0070AEBD /* AppDelegate.swift */,
				5932B2B92845E73B0070AEBD /* SceneDelegate.swift */,
				5932B2CE2845E9B40070AEBD /* Contact.swift */,
				5932B2D22845F6D50070AEBD /* ContactNavController.swift */,
				5932B2BB2845E73B0070AEBD /* MainViewController.swift */,
				5932B2F62846107A0070AEBD /* TableViewBackground.swift */,
				5932B2CC2845E93C0070AEBD /* TableViewCell.swift */,
				5932B2D4284602640070AEBD /* AddViewController.swift */,
				5998E4B7284622BA008B2944 /* DetailViewController.swift */,
				5932B2C02845E73C0070AEBD /* Assets.xcassets */,
				5932B2C22845E73C0070AEBD /* LaunchScreen.storyboard */,
				5932B2C52845E73C0070AEBD /* Info.plist */,
			);
			path = ContactsApp;
			sourceTree = "<group>";
		};
/* End PBXGroup section */

/* Begin PBXNativeTarget section */
		5932B2B32845E73B0070AEBD /* ContactsApp */ = {
			isa = PBXNativeTarget;
			buildConfigurationList = 5932B2C82845E73C0070AEBD /* Build configuration list for PBXNativeTarget "ContactsApp" */;
			buildPhases = (
				5932B2B02845E73B0070AEBD /* Sources */,
				5932B2B12845E73B0070AEBD /* Frameworks */,
				5932B2B22845E73B0070AEBD /* Resources */,
			);
			buildRules = (
			);
			dependencies = (
			);
			name = ContactsApp;
			productName = ContactsApp;
			productReference = 5932B2B42845E73B0070AEBD /* ContactsApp.app */;
			productType = "com.apple.product-type.application";
		};
/* End PBXNativeTarget section */

/* Begin PBXProject section */
		5932B2AC2845E73B0070AEBD /* Project object */ = {
			isa = PBXProject;
			attributes = {
				BuildIndependentTargetsInParallel = 1;
				LastSwiftUpdateCheck = 1330;
				LastUpgradeCheck = 1330;
				TargetAttributes = {
					5932B2B32845E73B0070AEBD = {
						CreatedOnToolsVersion = 13.3.1;
					};
				};
			};
			buildConfigurationList = 5932B2AF2845E73B0070AEBD /* Build configuration list for PBXProject "ContactsApp" */;
			compatibilityVersion = "Xcode 13.0";
			developmentRegion = en;
			hasScannedForEncodings = 0;
			knownRegions = (
				en,
				Base,
			);
			mainGroup = 5932B2AB2845E73B0070AEBD;
			productRefGroup = 5932B2B52845E73B0070AEBD /* Products */;
			projectDirPath = "";
			projectRoot = "";
			targets = (
				5932B2B32845E73B0070AEBD /* ContactsApp */,
			);
		};
/* End PBXProject section */

/* Begin PBXResourcesBuildPhase section */
		5932B2B22845E73B0070AEBD /* Resources */ = {
			isa = PBXResourcesBuildPhase;
			buildActionMask = 2147483647;
			files = (
				5932B2C42845E73C0070AEBD /* LaunchScreen.storyboard in Resources */,
				5932B2C12845E73C0070AEBD /* Assets.xcassets in Resources */,
			);
			runOnlyForDeploymentPostprocessing = 0;
		};
/* End PBXResourcesBuildPhase section */

/* Begin PBXSourcesBuildPhase section */
		5932B2B02845E73B0070AEBD /* Sources */ = {
			isa = PBXSourcesBuildPhase;
			buildActionMask = 2147483647;
			files = (
				5998E4B8284622BA008B2944 /* DetailViewController.swift in Sources */,
				5932B2D32845F6D50070AEBD /* ContactNavController.swift in Sources */,
				5932B2BC2845E73B0070AEBD /* MainViewController.swift in Sources */,
				5932B2D5284602640070AEBD /* AddViewController.swift in Sources */,
				5932B2CD2845E93C0070AEBD /* TableViewCell.swift in Sources */,
				5932B2CF2845E9B40070AEBD /* Contact.swift in Sources */,
				5932B2B82845E73B0070AEBD /* AppDelegate.swift in Sources */,
				5932B2BA2845E73B0070AEBD /* SceneDelegate.swift in Sources */,
				5932B2F72846107A0070AEBD /* TableViewBackground.swift in Sources */,
			);
			runOnlyForDeploymentPostprocessing = 0;
		};
/* End PBXSourcesBuildPhase section */

/* Begin PBXVariantGroup section */
		5932B2C22845E73C0070AEBD /* LaunchScreen.storyboard */ = {
			isa = PBXVariantGroup;
			children = (
				5932B2C32845E73C0070AEBD /* Base */,
			);
			name = LaunchScreen.storyboard;
			sourceTree = "<group>";
		};
/* End PBXVariantGroup section */

/* Begin XCBuildConfiguration section */
		5932B2C62845E73C0070AEBD /* Debug */ = {
			isa = XCBuildConfiguration;
			buildSettings = {
				ALWAYS_SEARCH_USER_PATHS = NO;
				CLANG_ANALYZER_NONNULL = YES;
				CLANG_ANALYZER_NUMBER_OBJECT_CONVERSION = YES_AGGRESSIVE;
				CLANG_CXX_LANGUAGE_STANDARD = "gnu++17";
				CLANG_ENABLE_MODULES = YES;
				CLANG_ENABLE_OBJC_ARC = YES;
				CLANG_ENABLE_OBJC_WEAK = YES;
				CLANG_WARN_BLOCK_CAPTURE_AUTORELEASING = YES;
				CLANG_WARN_BOOL_CONVERSION = YES;
				CLANG_WARN_COMMA = YES;
				CLANG_WARN_CONSTANT_CONVERSION = YES;
				CLANG_WARN_DEPRECATED_OBJC_IMPLEMENTATIONS = YES;
				CLANG_WARN_DIRECT_OBJC_ISA_USAGE = YES_ERROR;
				CLANG_WARN_DOCUMENTATION_COMMENTS = YES;
				CLANG_WARN_EMPTY_BODY = YES;
				CLANG_WARN_ENUM_CONVERSION = YES;
				CLANG_WARN_INFINITE_RECURSION = YES;
				CLANG_WARN_INT_CONVERSION = YES;
				CLANG_WARN_NON_LITERAL_NULL_CONVERSION = YES;
				CLANG_WARN_OBJC_IMPLICIT_RETAIN_SELF = YES;
				CLANG_WARN_OBJC_LITERAL_CONVERSION = YES;
				CLANG_WARN_OBJC_ROOT_CLASS = YES_ERROR;
				CLANG_WARN_QUOTED_INCLUDE_IN_FRAMEWORK_HEADER = YES;
				CLANG_WARN_RANGE_LOOP_ANALYSIS = YES;
				CLANG_WARN_STRICT_PROTOTYPES = YES;
				CLANG_WARN_SUSPICIOUS_MOVE = YES;
				CLANG_WARN_UNGUARDED_AVAILABILITY = YES_AGGRESSIVE;
				CLANG_WARN_UNREACHABLE_CODE = YES;
				CLANG_WARN__DUPLICATE_METHOD_MATCH = YES;
				COPY_PHASE_STRIP = NO;
				DEBUG_INFORMATION_FORMAT = dwarf;
				ENABLE_STRICT_OBJC_MSGSEND = YES;
				ENABLE_TESTABILITY = YES;
				GCC_C_LANGUAGE_STANDARD = gnu11;
				GCC_DYNAMIC_NO_PIC = NO;
				GCC_NO_COMMON_BLOCKS = YES;
				GCC_OPTIMIZATION_LEVEL = 0;
				GCC_PREPROCESSOR_DEFINITIONS = (
					"DEBUG=1",
					"$(inherited)",
				);
				GCC_WARN_64_TO_32_BIT_CONVERSION = YES;
				GCC_WARN_ABOUT_RETURN_TYPE = YES_ERROR;
				GCC_WARN_UNDECLARED_SELECTOR = YES;
				GCC_WARN_UNINITIALIZED_AUTOS = YES_AGGRESSIVE;
				GCC_WARN_UNUSED_FUNCTION = YES;
				GCC_WARN_UNUSED_VARIABLE = YES;
				IPHONEOS_DEPLOYMENT_TARGET = 15.4;
				MTL_ENABLE_DEBUG_INFO = INCLUDE_SOURCE;
				MTL_FAST_MATH = YES;
				ONLY_ACTIVE_ARCH = YES;
				SDKROOT = iphoneos;
				SWIFT_ACTIVE_COMPILATION_CONDITIONS = DEBUG;
				SWIFT_OPTIMIZATION_LEVEL = "-Onone";
			};
			name = Debug;
		};
		5932B2C72845E73C0070AEBD /* Release */ = {
			isa = XCBuildConfiguration;
			buildSettings = {
				ALWAYS_SEARCH_USER_PATHS = NO;
				CLANG_ANALYZER_NONNULL = YES;
				CLANG_ANALYZER_NUMBER_OBJECT_CONVERSION = YES_AGGRESSIVE;
				CLANG_CXX_LANGUAGE_STANDARD = "gnu++17";
				CLANG_ENABLE_MODULES = YES;
				CLANG_ENABLE_OBJC_ARC = YES;
				CLANG_ENABLE_OBJC_WEAK = YES;
				CLANG_WARN_BLOCK_CAPTURE_AUTORELEASING = YES;
				CLANG_WARN_BOOL_CONVERSION = YES;
				CLANG_WARN_COMMA = YES;
				CLANG_WARN_CONSTANT_CONVERSION = YES;
				CLANG_WARN_DEPRECATED_OBJC_IMPLEMENTATIONS = YES;
				CLANG_WARN_DIRECT_OBJC_ISA_USAGE = YES_ERROR;
				CLANG_WARN_DOCUMENTATION_COMMENTS = YES;
				CLANG_WARN_EMPTY_BODY = YES;
				CLANG_WARN_ENUM_CONVERSION = YES;
				CLANG_WARN_INFINITE_RECURSION = YES;
				CLANG_WARN_INT_CONVERSION = YES;
				CLANG_WARN_NON_LITERAL_NULL_CONVERSION = YES;
				CLANG_WARN_OBJC_IMPLICIT_RETAIN_SELF = YES;
				CLANG_WARN_OBJC_LITERAL_CONVERSION = YES;
				CLANG_WARN_OBJC_ROOT_CLASS = YES_ERROR;
				CLANG_WARN_QUOTED_INCLUDE_IN_FRAMEWORK_HEADER = YES;
				CLANG_WARN_RANGE_LOOP_ANALYSIS = YES;
				CLANG_WARN_STRICT_PROTOTYPES = YES;
				CLANG_WARN_SUSPICIOUS_MOVE = YES;
				CLANG_WARN_UNGUARDED_AVAILABILITY = YES_AGGRESSIVE;
				CLANG_WARN_UNREACHABLE_CODE = YES;
				CLANG_WARN__DUPLICATE_METHOD_MATCH = YES;
				COPY_PHASE_STRIP = NO;
				DEBUG_INFORMATION_FORMAT = "dwarf-with-dsym";
				ENABLE_NS_ASSERTIONS = NO;
				ENABLE_STRICT_OBJC_MSGSEND = YES;
				GCC_C_LANGUAGE_STANDARD = gnu11;
				GCC_NO_COMMON_BLOCKS = YES;
				GCC_WARN_64_TO_32_BIT_CONVERSION = YES;
				GCC_WARN_ABOUT_RETURN_TYPE = YES_ERROR;
				GCC_WARN_UNDECLARED_SELECTOR = YES;
				GCC_WARN_UNINITIALIZED_AUTOS = YES_AGGRESSIVE;
				GCC_WARN_UNUSED_FUNCTION = YES;
				GCC_WARN_UNUSED_VARIABLE = YES;
				IPHONEOS_DEPLOYMENT_TARGET = 15.4;
				MTL_ENABLE_DEBUG_INFO = NO;
				MTL_FAST_MATH = YES;
				SDKROOT = iphoneos;
				SWIFT_COMPILATION_MODE = wholemodule;
				SWIFT_OPTIMIZATION_LEVEL = "-O";
				VALIDATE_PRODUCT = YES;
			};
			name = Release;
		};
		5932B2C92845E73C0070AEBD /* Debug */ = {
			isa = XCBuildConfiguration;
			buildSettings = {
				ASSETCATALOG_COMPILER_APPICON_NAME = AppIcon;
				ASSETCATALOG_COMPILER_GLOBAL_ACCENT_COLOR_NAME = AccentColor;
				CODE_SIGN_STYLE = Automatic;
				CURRENT_PROJECT_VERSION = 1;
				GENERATE_INFOPLIST_FILE = YES;
				INFOPLIST_FILE = ContactsApp/Info.plist;
				INFOPLIST_KEY_UIApplicationSupportsIndirectInputEvents = YES;
				INFOPLIST_KEY_UILaunchStoryboardName = LaunchScreen;
				INFOPLIST_KEY_UISupportedInterfaceOrientations_iPad = "UIInterfaceOrientationPortrait UIInterfaceOrientationPortraitUpsideDown UIInterfaceOrientationLandscapeLeft UIInterfaceOrientationLandscapeRight";
				INFOPLIST_KEY_UISupportedInterfaceOrientations_iPhone = "UIInterfaceOrientationPortrait UIInterfaceOrientationLandscapeLeft UIInterfaceOrientationLandscapeRight";
				LD_RUNPATH_SEARCH_PATHS = (
					"$(inherited)",
					"@executable_path/Frameworks",
				);
				MARKETING_VERSION = 1.0;
				PRODUCT_BUNDLE_IDENTIFIER = aidyn.ContactsApp;
				PRODUCT_NAME = "$(TARGET_NAME)";
				SWIFT_EMIT_LOC_STRINGS = YES;
				SWIFT_VERSION = 5.0;
				TARGETED_DEVICE_FAMILY = "1,2";
			};
			name = Debug;
		};
		5932B2CA2845E73C0070AEBD /* Release */ = {
			isa = XCBuildConfiguration;
			buildSettings = {
				ASSETCATALOG_COMPILER_APPICON_NAME = AppIcon;
				ASSETCATALOG_COMPILER_GLOBAL_ACCENT_COLOR_NAME = AccentColor;
				CODE_SIGN_STYLE = Automatic;
				CURRENT_PROJECT_VERSION = 1;
				GENERATE_INFOPLIST_FILE = YES;
				INFOPLIST_FILE = ContactsApp/Info.plist;
				INFOPLIST_KEY_UIApplicationSupportsIndirectInputEvents = YES;
				INFOPLIST_KEY_UILaunchStoryboardName = LaunchScreen;
				INFOPLIST_KEY_UISupportedInterfaceOrientations_iPad = "UIInterfaceOrientationPortrait UIInterfaceOrientationPortraitUpsideDown UIInterfaceOrientationLandscapeLeft UIInterfaceOrientationLandscapeRight";
				INFOPLIST_KEY_UISupportedInterfaceOrientations_iPhone = "UIInterfaceOrientationPortrait UIInterfaceOrientationLandscapeLeft UIInterfaceOrientationLandscapeRight";
				LD_RUNPATH_SEARCH_PATHS = (
					"$(inherited)",
					"@executable_path/Frameworks",
				);
				MARKETING_VERSION = 1.0;
				PRODUCT_BUNDLE_IDENTIFIER = aidyn.ContactsApp;
				PRODUCT_NAME = "$(TARGET_NAME)";
				SWIFT_EMIT_LOC_STRINGS = YES;
				SWIFT_VERSION = 5.0;
				TARGETED_DEVICE_FAMILY = "1,2";
			};
			name = Release;
		};
/* End XCBuildConfiguration section */

/* Begin XCConfigurationList section */
		5932B2AF2845E73B0070AEBD /* Build configuration list for PBXProject "ContactsApp" */ = {
			isa = XCConfigurationList;
			buildConfigurations = (
				5932B2C62845E73C0070AEBD /* Debug */,
				5932B2C72845E73C0070AEBD /* Release */,
			);
			defaultConfigurationIsVisible = 0;
			defaultConfigurationName = Release;
		};
		5932B2C82845E73C0070AEBD /* Build configuration list for PBXNativeTarget "ContactsApp" */ = {
			isa = XCConfigurationList;
			buildConfigurations = (
				5932B2C92845E73C0070AEBD /* Debug */,
				5932B2CA2845E73C0070AEBD /* Release */,
			);
			defaultConfigurationIsVisible = 0;
			defaultConfigurationName = Release;
		};
/* End XCConfigurationList section */
	};
	rootObject = 5932B2AC2845E73B0070AEBD /* Project object */;
}
